
Microsoft Visual Studio Solution File, Format Version 12.00
# Visual Studio Version 17
VisualStudioVersion = 17.6.33829.357
MinimumVisualStudioVersion = 10.0.40219.1
Project("{9A19103F-16F7-4668-BE54-9A1E7A4F7556}") = "WineShopWebAPI", "WineShopWebAPI\WineShopWebAPI.csproj", "{3250A7BD-7D00-4F62-9E1C-382F329E9731}"
EndProject
Project("{9A19103F-16F7-4668-BE54-9A1E7A4F7556}") = "WineStore.WebSite", "..\WineStore.WebSite\WineStore.WebSite.csproj", "{060126D2-AF33-49C5-8E68-CEAD7C0EE928}"
EndProject
Global
	GlobalSection(SolutionConfigurationPlatforms) = preSolution
		Debug|Any CPU = Debug|Any CPU
		Release|Any CPU = Release|Any CPU
	EndGlobalSection
	GlobalSection(ProjectConfigurationPlatforms) = postSolution
		{3250A7BD-7D00-4F62-9E1C-382F329E9731}.Debug|Any CPU.ActiveCfg = Debug|Any CPU
		{3250A7BD-7D00-4F62-9E1C-382F329E9731}.Debug|Any CPU.Build.0 = Debug|Any CPU
		{3250A7BD-7D00-4F62-9E1C-382F329E9731}.Release|Any CPU.ActiveCfg = Release|Any CPU
		{3250A7BD-7D00-4F62-9E1C-382F329E9731}.Release|Any CPU.Build.0 = Release|Any CPU
		{060126D2-AF33-49C5-8E68-CEAD7C0EE928}.Debug|Any CPU.ActiveCfg = Debug|Any CPU
		{060126D2-AF33-49C5-8E68-CEAD7C0EE928}.Debug|Any CPU.Build.0 = Debug|Any CPU
		{060126D2-AF33-49C5-8E68-CEAD7C0EE928}.Release|Any CPU.ActiveCfg = Release|Any CPU
		{060126D2-AF33-49C5-8E68-CEAD7C0EE928}.Release|Any CPU.Build.0 = Release|Any CPU
	EndGlobalSection
	GlobalSection(SolutionProperties) = preSolution
		HideSolutionNode = FALSE
	EndGlobalSection
	GlobalSection(ExtensibilityGlobals) = postSolution
		SolutionGuid = {CF944364-4AB8-4E63-920E-FE58677359F6}
	EndGlobalSection
EndGlobal
